// !$*UTF8*$!
{
	archiveVersion = 1;
	classes = {
	};
	objectVersion = 46;
	objects = {

/* Begin PBXBuildFile section */
		8702E6731E083DF200FC2126 /* AppDelegate.swift in Sources */ = {isa = PBXBuildFile; fileRef = 8702E6721E083DF200FC2126 /* AppDelegate.swift */; };
		8702E6751E083DF200FC2126 /* ViewController.swift in Sources */ = {isa = PBXBuildFile; fileRef = 8702E6741E083DF200FC2126 /* ViewController.swift */; };
		8702E6781E083DF200FC2126 /* Main.storyboard in Resources */ = {isa = PBXBuildFile; fileRef = 8702E6761E083DF200FC2126 /* Main.storyboard */; };
		8702E67A1E083DF200FC2126 /* Assets.xcassets in Resources */ = {isa = PBXBuildFile; fileRef = 8702E6791E083DF200FC2126 /* Assets.xcassets */; };
		8702E67D1E083DF200FC2126 /* LaunchScreen.storyboard in Resources */ = {isa = PBXBuildFile; fileRef = 8702E67B1E083DF200FC2126 /* LaunchScreen.storyboard */; };
		8702E6881E083DF200FC2126 /* SL_ScannerTests.swift in Sources */ = {isa = PBXBuildFile; fileRef = 8702E6871E083DF200FC2126 /* SL_ScannerTests.swift */; };
		8702E6931E083DF200FC2126 /* SL_ScannerUITests.swift in Sources */ = {isa = PBXBuildFile; fileRef = 8702E6921E083DF200FC2126 /* SL_ScannerUITests.swift */; };
/* End PBXBuildFile section */

/* Begin PBXBuildRule section */
		8702E6A01E083E2E00FC2126 /* PBXBuildRule */ = {
			isa = PBXBuildRule;
			compilerSpec = com.apple.compilers.proxy.script;
			fileType = pattern.proxy;
			isEditable = 1;
			outputFiles = (
			);
		};
/* End PBXBuildRule section */

/* Begin PBXContainerItemProxy section */
		8702E6841E083DF200FC2126 /* PBXContainerItemProxy */ = {
			isa = PBXContainerItemProxy;
			containerPortal = 8702E6671E083DF200FC2126 /* Project object */;
			proxyType = 1;
			remoteGlobalIDString = 8702E66E1E083DF200FC2126;
			remoteInfo = "SL-Scanner";
		};
		8702E68F1E083DF200FC2126 /* PBXContainerItemProxy */ = {
			isa = PBXContainerItemProxy;
			containerPortal = 8702E6671E083DF200FC2126 /* Project object */;
			proxyType = 1;
			remoteGlobalIDString = 8702E66E1E083DF200FC2126;
			remoteInfo = "SL-Scanner";
		};
/* End PBXContainerItemProxy section */

/* Begin PBXFileReference section */
		8702E66F1E083DF200FC2126 /* SL-Scanner.app */ = {isa = PBXFileReference; explicitFileType = wrapper.application; includeInIndex = 0; path = "SL-Scanner.app"; sourceTree = BUILT_PRODUCTS_DIR; };
		8702E6721E083DF200FC2126 /* AppDelegate.swift */ = {isa = PBXFileReference; lastKnownFileType = sourcecode.swift; path = AppDelegate.swift; sourceTree = "<group>"; };
		8702E6741E083DF200FC2126 /* ViewController.swift */ = {isa = PBXFileReference; lastKnownFileType = sourcecode.swift; path = ViewController.swift; sourceTree = "<group>"; };
		8702E6771E083DF200FC2126 /* Base */ = {isa = PBXFileReference; lastKnownFileType = file.storyboard; name = Base; path = Base.lproj/Main.storyboard; sourceTree = "<group>"; };
		8702E6791E083DF200FC2126 /* Assets.xcassets */ = {isa = PBXFileReference; lastKnownFileType = folder.assetcatalog; path = Assets.xcassets; sourceTree = "<group>"; };
		8702E67C1E083DF200FC2126 /* Base */ = {isa = PBXFileReference; lastKnownFileType = file.storyboard; name = Base; path = Base.lproj/LaunchScreen.storyboard; sourceTree = "<group>"; };
		8702E67E1E083DF200FC2126 /* Info.plist */ = {isa = PBXFileReference; lastKnownFileType = text.plist.xml; path = Info.plist; sourceTree = "<group>"; };
		8702E6831E083DF200FC2126 /* SL-ScannerTests.xctest */ = {isa = PBXFileReference; explicitFileType = wrapper.cfbundle; includeInIndex = 0; path = "SL-ScannerTests.xctest"; sourceTree = BUILT_PRODUCTS_DIR; };
		8702E6871E083DF200FC2126 /* SL_ScannerTests.swift */ = {isa = PBXFileReference; lastKnownFileType = sourcecode.swift; path = SL_ScannerTests.swift; sourceTree = "<group>"; };
		8702E6891E083DF200FC2126 /* Info.plist */ = {isa = PBXFileReference; lastKnownFileType = text.plist.xml; path = Info.plist; sourceTree = "<group>"; };
		8702E68E1E083DF200FC2126 /* SL-ScannerUITests.xctest */ = {isa = PBXFileReference; explicitFileType = wrapper.cfbundle; includeInIndex = 0; path = "SL-ScannerUITests.xctest"; sourceTree = BUILT_PRODUCTS_DIR; };
		8702E6921E083DF200FC2126 /* SL_ScannerUITests.swift */ = {isa = PBXFileReference; lastKnownFileType = sourcecode.swift; path = SL_ScannerUITests.swift; sourceTree = "<group>"; };
		8702E6941E083DF200FC2126 /* Info.plist */ = {isa = PBXFileReference; lastKnownFileType = text.plist.xml; path = Info.plist; sourceTree = "<group>"; };
/* End PBXFileReference section */

/* Begin PBXFrameworksBuildPhase section */
		8702E66C1E083DF200FC2126 /* Frameworks */ = {
			isa = PBXFrameworksBuildPhase;
			buildActionMask = 2147483647;
			files = (
			);
			runOnlyForDeploymentPostprocessing = 0;
		};
		8702E6801E083DF200FC2126 /* Frameworks */ = {
			isa = PBXFrameworksBuildPhase;
			buildActionMask = 2147483647;
			files = (
			);
			runOnlyForDeploymentPostprocessing = 0;
		};
		8702E68B1E083DF200FC2126 /* Frameworks */ = {
			isa = PBXFrameworksBuildPhase;
			buildActionMask = 2147483647;
			files = (
			);
			runOnlyForDeploymentPostprocessing = 0;
		};
/* End PBXFrameworksBuildPhase section */

/* Begin PBXGroup section */
		8702E6661E083DF200FC2126 = {
			isa = PBXGroup;
			children = (
				8702E6711E083DF200FC2126 /* SL-Scanner */,
				8702E6861E083DF200FC2126 /* SL-ScannerTests */,
				8702E6911E083DF200FC2126 /* SL-ScannerUITests */,
				8702E6701E083DF200FC2126 /* Products */,
			);
			sourceTree = "<group>";
		};
		8702E6701E083DF200FC2126 /* Products */ = {
			isa = PBXGroup;
			children = (
				8702E66F1E083DF200FC2126 /* SL-Scanner.app */,
				8702E6831E083DF200FC2126 /* SL-ScannerTests.xctest */,
				8702E68E1E083DF200FC2126 /* SL-ScannerUITests.xctest */,
			);
			name = Products;
			sourceTree = "<group>";
		};
		8702E6711E083DF200FC2126 /* SL-Scanner */ = {
			isa = PBXGroup;
			children = (
				8702E6721E083DF200FC2126 /* AppDelegate.swift */,
				8702E6741E083DF200FC2126 /* ViewController.swift */,
				8702E6761E083DF200FC2126 /* Main.storyboard */,
				8702E6791E083DF200FC2126 /* Assets.xcassets */,
				8702E67B1E083DF200FC2126 /* LaunchScreen.storyboard */,
				8702E67E1E083DF200FC2126 /* Info.plist */,
			);
			path = "SL-Scanner";
			sourceTree = "<group>";
		};
		8702E6861E083DF200FC2126 /* SL-ScannerTests */ = {
			isa = PBXGroup;
			children = (
				8702E6871E083DF200FC2126 /* SL_ScannerTests.swift */,
				8702E6891E083DF200FC2126 /* Info.plist */,
			);
			path = "SL-ScannerTests";
			sourceTree = "<group>";
		};
		8702E6911E083DF200FC2126 /* SL-ScannerUITests */ = {
			isa = PBXGroup;
			children = (
				8702E6921E083DF200FC2126 /* SL_ScannerUITests.swift */,
				8702E6941E083DF200FC2126 /* Info.plist */,
			);
			path = "SL-ScannerUITests";
			sourceTree = "<group>";
		};
/* End PBXGroup section */

/* Begin PBXNativeTarget section */
		8702E66E1E083DF200FC2126 /* SL-Scanner */ = {
			isa = PBXNativeTarget;
			buildConfigurationList = 8702E6971E083DF200FC2126 /* Build configuration list for PBXNativeTarget "SL-Scanner" */;
			buildPhases = (
				8702E66B1E083DF200FC2126 /* Sources */,
				8702E66C1E083DF200FC2126 /* Frameworks */,
				8702E66D1E083DF200FC2126 /* Resources */,
			);
			buildRules = (
				8702E6A01E083E2E00FC2126 /* PBXBuildRule */,
			);
			dependencies = (
			);
			name = "SL-Scanner";
			productName = "SL-Scanner";
			productReference = 8702E66F1E083DF200FC2126 /* SL-Scanner.app */;
			productType = "com.apple.product-type.application";
		};
		8702E6821E083DF200FC2126 /* SL-ScannerTests */ = {
			isa = PBXNativeTarget;
			buildConfigurationList = 8702E69A1E083DF200FC2126 /* Build configuration list for PBXNativeTarget "SL-ScannerTests" */;
			buildPhases = (
				8702E67F1E083DF200FC2126 /* Sources */,
				8702E6801E083DF200FC2126 /* Frameworks */,
				8702E6811E083DF200FC2126 /* Resources */,
			);
			buildRules = (
			);
			dependencies = (
				8702E6851E083DF200FC2126 /* PBXTargetDependency */,
			);
			name = "SL-ScannerTests";
			productName = "SL-ScannerTests";
			productReference = 8702E6831E083DF200FC2126 /* SL-ScannerTests.xctest */;
			productType = "com.apple.product-type.bundle.unit-test";
		};
		8702E68D1E083DF200FC2126 /* SL-ScannerUITests */ = {
			isa = PBXNativeTarget;
			buildConfigurationList = 8702E69D1E083DF200FC2126 /* Build configuration list for PBXNativeTarget "SL-ScannerUITests" */;
			buildPhases = (
				8702E68A1E083DF200FC2126 /* Sources */,
				8702E68B1E083DF200FC2126 /* Frameworks */,
				8702E68C1E083DF200FC2126 /* Resources */,
			);
			buildRules = (
			);
			dependencies = (
				8702E6901E083DF200FC2126 /* PBXTargetDependency */,
			);
			name = "SL-ScannerUITests";
			productName = "SL-ScannerUITests";
			productReference = 8702E68E1E083DF200FC2126 /* SL-ScannerUITests.xctest */;
			productType = "com.apple.product-type.bundle.ui-testing";
		};
/* End PBXNativeTarget section */

/* Begin PBXProject section */
		8702E6671E083DF200FC2126 /* Project object */ = {
			isa = PBXProject;
			attributes = {
				LastSwiftUpdateCheck = 0820;
				LastUpgradeCheck = 0820;
				ORGANIZATIONNAME = "Sound And Lights";
				TargetAttributes = {
					8702E66E1E083DF200FC2126 = {
						CreatedOnToolsVersion = 8.2;
						ProvisioningStyle = Automatic;
					};
					8702E6821E083DF200FC2126 = {
						CreatedOnToolsVersion = 8.2;
						ProvisioningStyle = Automatic;
						TestTargetID = 8702E66E1E083DF200FC2126;
					};
					8702E68D1E083DF200FC2126 = {
						CreatedOnToolsVersion = 8.2;
						ProvisioningStyle = Automatic;
						TestTargetID = 8702E66E1E083DF200FC2126;
					};
				};
			};
			buildConfigurationList = 8702E66A1E083DF200FC2126 /* Build configuration list for PBXProject "SL-Scanner" */;
			compatibilityVersion = "Xcode 3.2";
			developmentRegion = English;
			hasScannedForEncodings = 0;
			knownRegions = (
				en,
				Base,
			);
			mainGroup = 8702E6661E083DF200FC2126;
			productRefGroup = 8702E6701E083DF200FC2126 /* Products */;
			projectDirPath = "";
			projectRoot = "";
			targets = (
				8702E66E1E083DF200FC2126 /* SL-Scanner */,
				8702E6821E083DF200FC2126 /* SL-ScannerTests */,
				8702E68D1E083DF200FC2126 /* SL-ScannerUITests */,
			);
		};
/* End PBXProject section */

/* Begin PBXResourcesBuildPhase section */
		8702E66D1E083DF200FC2126 /* Resources */ = {
			isa = PBXResourcesBuildPhase;
			buildActionMask = 2147483647;
			files = (
				8702E67D1E083DF200FC2126 /* LaunchScreen.storyboard in Resources */,
				8702E67A1E083DF200FC2126 /* Assets.xcassets in Resources */,
				8702E6781E083DF200FC2126 /* Main.storyboard in Resources */,
			);
			runOnlyForDeploymentPostprocessing = 0;
		};
		8702E6811E083DF200FC2126 /* Resources */ = {
			isa = PBXResourcesBuildPhase;
			buildActionMask = 2147483647;
			files = (
			);
			runOnlyForDeploymentPostprocessing = 0;
		};
		8702E68C1E083DF200FC2126 /* Resources */ = {
			isa = PBXResourcesBuildPhase;
			buildActionMask = 2147483647;
			files = (
			);
			runOnlyForDeploymentPostprocessing = 0;
		};
/* End PBXResourcesBuildPhase section */

/* Begin PBXSourcesBuildPhase section */
		8702E66B1E083DF200FC2126 /* Sources */ = {
			isa = PBXSourcesBuildPhase;
			buildActionMask = 2147483647;
			files = (
				8702E6751E083DF200FC2126 /* ViewController.swift in Sources */,
				8702E6731E083DF200FC2126 /* AppDelegate.swift in Sources */,
			);
			runOnlyForDeploymentPostprocessing = 0;
		};
		8702E67F1E083DF200FC2126 /* Sources */ = {
			isa = PBXSourcesBuildPhase;
			buildActionMask = 2147483647;
			files = (
				8702E6881E083DF200FC2126 /* SL_ScannerTests.swift in Sources */,
			);
			runOnlyForDeploymentPostprocessing = 0;
		};
		8702E68A1E083DF200FC2126 /* Sources */ = {
			isa = PBXSourcesBuildPhase;
			buildActionMask = 2147483647;
			files = (
				8702E6931E083DF200FC2126 /* SL_ScannerUITests.swift in Sources */,
			);
			runOnlyForDeploymentPostprocessing = 0;
		};
/* End PBXSourcesBuildPhase section */

/* Begin PBXTargetDependency section */
		8702E6851E083DF200FC2126 /* PBXTargetDependency */ = {
			isa = PBXTargetDependency;
			target = 8702E66E1E083DF200FC2126 /* SL-Scanner */;
			targetProxy = 8702E6841E083DF200FC2126 /* PBXContainerItemProxy */;
		};
		8702E6901E083DF200FC2126 /* PBXTargetDependency */ = {
			isa = PBXTargetDependency;
			target = 8702E66E1E083DF200FC2126 /* SL-Scanner */;
			targetProxy = 8702E68F1E083DF200FC2126 /* PBXContainerItemProxy */;
		};
/* End PBXTargetDependency section */

/* Begin PBXVariantGroup section */
		8702E6761E083DF200FC2126 /* Main.storyboard */ = {
			isa = PBXVariantGroup;
			children = (
				8702E6771E083DF200FC2126 /* Base */,
			);
			name = Main.storyboard;
			sourceTree = "<group>";
		};
		8702E67B1E083DF200FC2126 /* LaunchScreen.storyboard */ = {
			isa = PBXVariantGroup;
			children = (
				8702E67C1E083DF200FC2126 /* Base */,
			);
			name = LaunchScreen.storyboard;
			sourceTree = "<group>";
		};
/* End PBXVariantGroup section */

/* Begin XCBuildConfiguration section */
		8702E6951E083DF200FC2126 /* Debug */ = {
			isa = XCBuildConfiguration;
			buildSettings = {
				ALWAYS_SEARCH_USER_PATHS = NO;
				CLANG_ANALYZER_NONNULL = YES;
				CLANG_CXX_LANGUAGE_STANDARD = "gnu++0x";
				CLANG_CXX_LIBRARY = "libc++";
				CLANG_ENABLE_MODULES = YES;
				CLANG_ENABLE_OBJC_ARC = YES;
				CLANG_WARN_BOOL_CONVERSION = YES;
				CLANG_WARN_CONSTANT_CONVERSION = YES;
				CLANG_WARN_DIRECT_OBJC_ISA_USAGE = YES_ERROR;
				CLANG_WARN_DOCUMENTATION_COMMENTS = YES;
				CLANG_WARN_EMPTY_BODY = YES;
				CLANG_WARN_ENUM_CONVERSION = YES;
				CLANG_WARN_INFINITE_RECURSION = YES;
				CLANG_WARN_INT_CONVERSION = YES;
				CLANG_WARN_OBJC_ROOT_CLASS = YES_ERROR;
				CLANG_WARN_SUSPICIOUS_MOVE = YES;
				CLANG_WARN_UNREACHABLE_CODE = YES;
				CLANG_WARN__DUPLICATE_METHOD_MATCH = YES;
				"CODE_SIGN_IDENTITY[sdk=iphoneos*]" = "iPhone Developer";
				COPY_PHASE_STRIP = NO;
				DEBUG_INFORMATION_FORMAT = dwarf;
				ENABLE_STRICT_OBJC_MSGSEND = YES;
				ENABLE_TESTABILITY = YES;
				GCC_C_LANGUAGE_STANDARD = gnu99;
				GCC_DYNAMIC_NO_PIC = NO;
				GCC_NO_COMMON_BLOCKS = YES;
				GCC_OPTIMIZATION_LEVEL = 0;
				GCC_PREPROCESSOR_DEFINITIONS = (
					"DEBUG=1",
					"$(inherited)",
				);
				GCC_WARN_64_TO_32_BIT_CONVERSION = YES;
				GCC_WARN_ABOUT_RETURN_TYPE = YES_ERROR;
				GCC_WARN_UNDECLARED_SELECTOR = YES;
				GCC_WARN_UNINITIALIZED_AUTOS = YES_AGGRESSIVE;
				GCC_WARN_UNUSED_FUNCTION = YES;
				GCC_WARN_UNUSED_VARIABLE = YES;
				IPHONEOS_DEPLOYMENT_TARGET = 10.2;
				MTL_ENABLE_DEBUG_INFO = YES;
				ONLY_ACTIVE_ARCH = YES;
				SDKROOT = iphoneos;
				SWIFT_ACTIVE_COMPILATION_CONDITIONS = DEBUG;
				SWIFT_OPTIMIZATION_LEVEL = "-Onone";
				TARGETED_DEVICE_FAMILY = "1,2";
			};
			name = Debug;
		};
		8702E6961E083DF200FC2126 /* Release */ = {
			isa = XCBuildConfiguration;
			buildSettings = {
				ALWAYS_SEARCH_USER_PATHS = NO;
				CLANG_ANALYZER_NONNULL = YES;
				CLANG_CXX_LANGUAGE_STANDARD = "gnu++0x";
				CLANG_CXX_LIBRARY = "libc++";
				CLANG_ENABLE_MODULES = YES;
				CLANG_ENABLE_OBJC_ARC = YES;
				CLANG_WARN_BOOL_CONVERSION = YES;
				CLANG_WARN_CONSTANT_CONVERSION = YES;
				CLANG_WARN_DIRECT_OBJC_ISA_USAGE = YES_ERROR;
				CLANG_WARN_DOCUMENTATION_COMMENTS = YES;
				CLANG_WARN_EMPTY_BODY = YES;
				CLANG_WARN_ENUM_CONVERSION = YES;
				CLANG_WARN_INFINITE_RECURSION = YES;
				CLANG_WARN_INT_CONVERSION = YES;
				CLANG_WARN_OBJC_ROOT_CLASS = YES_ERROR;
				CLANG_WARN_SUSPICIOUS_MOVE = YES;
				CLANG_WARN_UNREACHABLE_CODE = YES;
				CLANG_WARN__DUPLICATE_METHOD_MATCH = YES;
				"CODE_SIGN_IDENTITY[sdk=iphoneos*]" = "iPhone Developer";
				COPY_PHASE_STRIP = NO;
				DEBUG_INFORMATION_FORMAT = "dwarf-with-dsym";
				ENABLE_NS_ASSERTIONS = NO;
				ENABLE_STRICT_OBJC_MSGSEND = YES;
				GCC_C_LANGUAGE_STANDARD = gnu99;
				GCC_NO_COMMON_BLOCKS = YES;
				GCC_WARN_64_TO_32_BIT_CONVERSION = YES;
				GCC_WARN_ABOUT_RETURN_TYPE = YES_ERROR;
				GCC_WARN_UNDECLARED_SELECTOR = YES;
				GCC_WARN_UNINITIALIZED_AUTOS = YES_AGGRESSIVE;
				GCC_WARN_UNUSED_FUNCTION = YES;
				GCC_WARN_UNUSED_VARIABLE = YES;
				IPHONEOS_DEPLOYMENT_TARGET = 10.2;
				MTL_ENABLE_DEBUG_INFO = NO;
				SDKROOT = iphoneos;
				SWIFT_OPTIMIZATION_LEVEL = "-Owholemodule";
				TARGETED_DEVICE_FAMILY = "1,2";
				VALIDATE_PRODUCT = YES;
			};
			name = Release;
		};
		8702E6981E083DF200FC2126 /* Debug */ = {
			isa = XCBuildConfiguration;
			buildSettings = {
				ASSETCATALOG_COMPILER_APPICON_NAME = AppIcon;
				INFOPLIST_FILE = "SL-Scanner/Info.plist";
				LD_RUNPATH_SEARCH_PATHS = "$(inherited) @executable_path/Frameworks";
				PRODUCT_BUNDLE_IDENTIFIER = "soundandlights.SL-Scanner";
				PRODUCT_NAME = "$(TARGET_NAME)";
				SWIFT_VERSION = 3.0;
				TARGETED_DEVICE_FAMILY = 1;
			};
			name = Debug;
		};
		8702E6991E083DF200FC2126 /* Release */ = {
			isa = XCBuildConfiguration;
			buildSettings = {
				ASSETCATALOG_COMPILER_APPICON_NAME = AppIcon;
				INFOPLIST_FILE = "SL-Scanner/Info.plist";
				LD_RUNPATH_SEARCH_PATHS = "$(inherited) @executable_path/Frameworks";
				PRODUCT_BUNDLE_IDENTIFIER = "soundandlights.SL-Scanner";
				PRODUCT_NAME = "$(TARGET_NAME)";
				SWIFT_VERSION = 3.0;
				TARGETED_DEVICE_FAMILY = 1;
			};
			name = Release;
		};
		8702E69B1E083DF200FC2126 /* Debug */ = {
			isa = XCBuildConfiguration;
			buildSettings = {
				ALWAYS_EMBED_SWIFT_STANDARD_LIBRARIES = YES;
				BUNDLE_LOADER = "$(TEST_HOST)";
				INFOPLIST_FILE = "SL-ScannerTests/Info.plist";
				LD_RUNPATH_SEARCH_PATHS = "$(inherited) @executable_path/Frameworks @loader_path/Frameworks";
				PRODUCT_BUNDLE_IDENTIFIER = "soundandlights.SL-ScannerTests";
				PRODUCT_NAME = "$(TARGET_NAME)";
				SWIFT_VERSION = 3.0;
				TEST_HOST = "$(BUILT_PRODUCTS_DIR)/SL-Scanner.app/SL-Scanner";
			};
			name = Debug;
		};
		8702E69C1E083DF200FC2126 /* Release */ = {
			isa = XCBuildConfiguration;
			buildSettings = {
				ALWAYS_EMBED_SWIFT_STANDARD_LIBRARIES = YES;
				BUNDLE_LOADER = "$(TEST_HOST)";
				INFOPLIST_FILE = "SL-ScannerTests/Info.plist";
				LD_RUNPATH_SEARCH_PATHS = "$(inherited) @executable_path/Frameworks @loader_path/Frameworks";
				PRODUCT_BUNDLE_IDENTIFIER = "soundandlights.SL-ScannerTests";
				PRODUCT_NAME = "$(TARGET_NAME)";
				SWIFT_VERSION = 3.0;
				TEST_HOST = "$(BUILT_PRODUCTS_DIR)/SL-Scanner.app/SL-Scanner";
			};
			name = Release;
		};
		8702E69E1E083DF200FC2126 /* Debug */ = {
			isa = XCBuildConfiguration;
			buildSettings = {
				ALWAYS_EMBED_SWIFT_STANDARD_LIBRARIES = YES;
				INFOPLIST_FILE = "SL-ScannerUITests/Info.plist";
				LD_RUNPATH_SEARCH_PATHS = "$(inherited) @executable_path/Frameworks @loader_path/Frameworks";
				PRODUCT_BUNDLE_IDENTIFIER = "soundandlights.SL-ScannerUITests";
				PRODUCT_NAME = "$(TARGET_NAME)";
				SWIFT_VERSION = 3.0;
				TEST_TARGET_NAME = "SL-Scanner";
			};
			name = Debug;
		};
		8702E69F1E083DF200FC2126 /* Release */ = {
			isa = XCBuildConfiguration;
			buildSettings = {
				ALWAYS_EMBED_SWIFT_STANDARD_LIBRARIES = YES;
				INFOPLIST_FILE = "SL-ScannerUITests/Info.plist";
				LD_RUNPATH_SEARCH_PATHS = "$(inherited) @executable_path/Frameworks @loader_path/Frameworks";
				PRODUCT_BUNDLE_IDENTIFIER = "soundandlights.SL-ScannerUITests";
				PRODUCT_NAME = "$(TARGET_NAME)";
				SWIFT_VERSION = 3.0;
				TEST_TARGET_NAME = "SL-Scanner";
			};
			name = Release;
		};
/* End XCBuildConfiguration section */

/* Begin XCConfigurationList section */
		8702E66A1E083DF200FC2126 /* Build configuration list for PBXProject "SL-Scanner" */ = {
			isa = XCConfigurationList;
			buildConfigurations = (
				8702E6951E083DF200FC2126 /* Debug */,
				8702E6961E083DF200FC2126 /* Release */,
			);
			defaultConfigurationIsVisible = 0;
			defaultConfigurationName = Release;
		};
		8702E6971E083DF200FC2126 /* Build configuration list for PBXNativeTarget "SL-Scanner" */ = {
			isa = XCConfigurationList;
			buildConfigurations = (
				8702E6981E083DF200FC2126 /* Debug */,
				8702E6991E083DF200FC2126 /* Release */,
			);
			defaultConfigurationIsVisible = 0;
		};
		8702E69A1E083DF200FC2126 /* Build configuration list for PBXNativeTarget "SL-ScannerTests" */ = {
			isa = XCConfigurationList;
			buildConfigurations = (
				8702E69B1E083DF200FC2126 /* Debug */,
				8702E69C1E083DF200FC2126 /* Release */,
			);
			defaultConfigurationIsVisible = 0;
		};
		8702E69D1E083DF200FC2126 /* Build configuration list for PBXNativeTarget "SL-ScannerUITests" */ = {
			isa = XCConfigurationList;
			buildConfigurations = (
				8702E69E1E083DF200FC2126 /* Debug */,
				8702E69F1E083DF200FC2126 /* Release */,
			);
			defaultConfigurationIsVisible = 0;
		};
/* End XCConfigurationList section */
	};
	rootObject = 8702E6671E083DF200FC2126 /* Project object */;
}
